// !$*UTF8*$!
{
	archiveVersion = 1;
	classes = {
	};
	objectVersion = 51;
	objects = {

/* Begin PBXBuildFile section */
		626BF906E4F6C0D9F2981444 /* Pods_Demo_Swift.framework in Frameworks */ = {isa = PBXBuildFile; fileRef = 460B5A3A1C793B90B85B7BDE /* Pods_Demo_Swift.framework */; };
		752CD33E24E6B51600A97ED5 /* NSString+TextSize.m in Sources */ = {isa = PBXBuildFile; fileRef = 752CD33D24E6B51600A97ED5 /* NSString+TextSize.m */; };
		752CD34024E7BC8400A97ED5 /* README.md in Resources */ = {isa = PBXBuildFile; fileRef = 752CD33F24E7BC8300A97ED5 /* README.md */; };
		75336A6924E53FF800A17C7B /* AppDelegate.swift in Sources */ = {isa = PBXBuildFile; fileRef = 75336A6824E53FF800A17C7B /* AppDelegate.swift */; };
		75336A7024E53FF800A17C7B /* Main.storyboard in Resources */ = {isa = PBXBuildFile; fileRef = 75336A6E24E53FF800A17C7B /* Main.storyboard */; };
		75336A7224E53FFA00A17C7B /* Assets.xcassets in Resources */ = {isa = PBXBuildFile; fileRef = 75336A7124E53FFA00A17C7B /* Assets.xcassets */; };
		75336A7524E53FFA00A17C7B /* LaunchScreen.storyboard in Resources */ = {isa = PBXBuildFile; fileRef = 75336A7324E53FFA00A17C7B /* LaunchScreen.storyboard */; };
		75336A9E24E541FB00A17C7B /* AppDelegate.m in Sources */ = {isa = PBXBuildFile; fileRef = 75336A9D24E541FB00A17C7B /* AppDelegate.m */; };
		75336AA424E541FB00A17C7B /* ViewController.m in Sources */ = {isa = PBXBuildFile; fileRef = 75336AA324E541FB00A17C7B /* ViewController.m */; };
		75336AA724E541FB00A17C7B /* Main.storyboard in Resources */ = {isa = PBXBuildFile; fileRef = 75336AA524E541FB00A17C7B /* Main.storyboard */; };
		75336AA924E541FC00A17C7B /* Assets.xcassets in Resources */ = {isa = PBXBuildFile; fileRef = 75336AA824E541FC00A17C7B /* Assets.xcassets */; };
		75336AAC24E541FC00A17C7B /* LaunchScreen.storyboard in Resources */ = {isa = PBXBuildFile; fileRef = 75336AAA24E541FC00A17C7B /* LaunchScreen.storyboard */; };
		75336AAF24E541FD00A17C7B /* main.m in Sources */ = {isa = PBXBuildFile; fileRef = 75336AAE24E541FC00A17C7B /* main.m */; };
		75336ABB24E5433F00A17C7B /* summary.png in Resources */ = {isa = PBXBuildFile; fileRef = 75336AB524E5433F00A17C7B /* summary.png */; };
		75336ABC24E5433F00A17C7B /* LeftRightTextFieldView.swift in Sources */ = {isa = PBXBuildFile; fileRef = 75336AB724E5433F00A17C7B /* LeftRightTextFieldView.swift */; };
		75336ABD24E5433F00A17C7B /* String+Match.swift in Sources */ = {isa = PBXBuildFile; fileRef = 75336AB924E5433F00A17C7B /* String+Match.swift */; };
		75336ABE24E5433F00A17C7B /* UIColor+Helper.swift in Sources */ = {isa = PBXBuildFile; fileRef = 75336ABA24E5433F00A17C7B /* UIColor+Helper.swift */; };
		75336AC024E5448B00A17C7B /* ViewController.swift in Sources */ = {isa = PBXBuildFile; fileRef = 75336ABF24E5448B00A17C7B /* ViewController.swift */; };
		75336AC824E546D500A17C7B /* summary.png in Resources */ = {isa = PBXBuildFile; fileRef = 75336AC524E546D500A17C7B /* summary.png */; };
		75336ACE24E54A8200A17C7B /* NSString+Match.m in Sources */ = {isa = PBXBuildFile; fileRef = 75336ACD24E54A8200A17C7B /* NSString+Match.m */; };
		75336AD124E560E700A17C7B /* MYLeftRightTextFieldView.m in Sources */ = {isa = PBXBuildFile; fileRef = 75336AD024E560E700A17C7B /* MYLeftRightTextFieldView.m */; };
		9F84E0FB7D1F5E51F2D7F13C /* Pods_Demo_OC.framework in Frameworks */ = {isa = PBXBuildFile; fileRef = 9A8AFACCD7EC9B2EA1C8AF57 /* Pods_Demo_OC.framework */; };
/* End PBXBuildFile section */

/* Begin PBXFileReference section */
		249D366BD16492582250FB7D /* Pods-Demo.debug.xcconfig */ = {isa = PBXFileReference; includeInIndex = 1; lastKnownFileType = text.xcconfig; name = "Pods-Demo.debug.xcconfig"; path = "Target Support Files/Pods-Demo/Pods-Demo.debug.xcconfig"; sourceTree = "<group>"; };
		460B5A3A1C793B90B85B7BDE /* Pods_Demo_Swift.framework */ = {isa = PBXFileReference; explicitFileType = wrapper.framework; includeInIndex = 0; path = Pods_Demo_Swift.framework; sourceTree = BUILT_PRODUCTS_DIR; };
		6665C5AD183092DA183D2DDF /* Pods_Demo.framework */ = {isa = PBXFileReference; explicitFileType = wrapper.framework; includeInIndex = 0; path = Pods_Demo.framework; sourceTree = BUILT_PRODUCTS_DIR; };
		6E8438D2A5CCBDDB7C3455E5 /* Pods-Demo_Swift.debug.xcconfig */ = {isa = PBXFileReference; includeInIndex = 1; lastKnownFileType = text.xcconfig; name = "Pods-Demo_Swift.debug.xcconfig"; path = "Target Support Files/Pods-Demo_Swift/Pods-Demo_Swift.debug.xcconfig"; sourceTree = "<group>"; };
		752CD33C24E6B51600A97ED5 /* NSString+TextSize.h */ = {isa = PBXFileReference; lastKnownFileType = sourcecode.c.h; path = "NSString+TextSize.h"; sourceTree = "<group>"; };
		752CD33D24E6B51600A97ED5 /* NSString+TextSize.m */ = {isa = PBXFileReference; lastKnownFileType = sourcecode.c.objc; path = "NSString+TextSize.m"; sourceTree = "<group>"; };
		752CD33F24E7BC8300A97ED5 /* README.md */ = {isa = PBXFileReference; fileEncoding = 4; lastKnownFileType = net.daringfireball.markdown; path = README.md; sourceTree = "<group>"; };
		75336A6624E53FF800A17C7B /* Demo_Swift.app */ = {isa = PBXFileReference; explicitFileType = wrapper.application; includeInIndex = 0; path = Demo_Swift.app; sourceTree = BUILT_PRODUCTS_DIR; };
		75336A6824E53FF800A17C7B /* AppDelegate.swift */ = {isa = PBXFileReference; lastKnownFileType = sourcecode.swift; path = AppDelegate.swift; sourceTree = "<group>"; };
		75336A6F24E53FF800A17C7B /* Base */ = {isa = PBXFileReference; lastKnownFileType = file.storyboard; name = Base; path = Base.lproj/Main.storyboard; sourceTree = "<group>"; };
		75336A7124E53FFA00A17C7B /* Assets.xcassets */ = {isa = PBXFileReference; lastKnownFileType = folder.assetcatalog; path = Assets.xcassets; sourceTree = "<group>"; };
		75336A7424E53FFA00A17C7B /* Base */ = {isa = PBXFileReference; lastKnownFileType = file.storyboard; name = Base; path = Base.lproj/LaunchScreen.storyboard; sourceTree = "<group>"; };
		75336A7624E53FFA00A17C7B /* Info.plist */ = {isa = PBXFileReference; lastKnownFileType = text.plist.xml; path = Info.plist; sourceTree = "<group>"; };
		75336A9A24E541FA00A17C7B /* Demo_OC.app */ = {isa = PBXFileReference; explicitFileType = wrapper.application; includeInIndex = 0; path = Demo_OC.app; sourceTree = BUILT_PRODUCTS_DIR; };
		75336A9C24E541FB00A17C7B /* AppDelegate.h */ = {isa = PBXFileReference; lastKnownFileType = sourcecode.c.h; path = AppDelegate.h; sourceTree = "<group>"; };
		75336A9D24E541FB00A17C7B /* AppDelegate.m */ = {isa = PBXFileReference; lastKnownFileType = sourcecode.c.objc; path = AppDelegate.m; sourceTree = "<group>"; };
		75336AA224E541FB00A17C7B /* ViewController.h */ = {isa = PBXFileReference; lastKnownFileType = sourcecode.c.h; path = ViewController.h; sourceTree = "<group>"; };
		75336AA324E541FB00A17C7B /* ViewController.m */ = {isa = PBXFileReference; lastKnownFileType = sourcecode.c.objc; path = ViewController.m; sourceTree = "<group>"; };
		75336AA624E541FB00A17C7B /* Base */ = {isa = PBXFileReference; lastKnownFileType = file.storyboard; name = Base; path = Base.lproj/Main.storyboard; sourceTree = "<group>"; };
		75336AA824E541FC00A17C7B /* Assets.xcassets */ = {isa = PBXFileReference; lastKnownFileType = folder.assetcatalog; path = Assets.xcassets; sourceTree = "<group>"; };
		75336AAB24E541FC00A17C7B /* Base */ = {isa = PBXFileReference; lastKnownFileType = file.storyboard; name = Base; path = Base.lproj/LaunchScreen.storyboard; sourceTree = "<group>"; };
		75336AAD24E541FC00A17C7B /* Info.plist */ = {isa = PBXFileReference; lastKnownFileType = text.plist.xml; path = Info.plist; sourceTree = "<group>"; };
		75336AAE24E541FC00A17C7B /* main.m */ = {isa = PBXFileReference; lastKnownFileType = sourcecode.c.objc; path = main.m; sourceTree = "<group>"; };
		75336AB524E5433F00A17C7B /* summary.png */ = {isa = PBXFileReference; lastKnownFileType = image.png; path = summary.png; sourceTree = "<group>"; };
		75336AB724E5433F00A17C7B /* LeftRightTextFieldView.swift */ = {isa = PBXFileReference; fileEncoding = 4; lastKnownFileType = sourcecode.swift; path = LeftRightTextFieldView.swift; sourceTree = "<group>"; };
		75336AB924E5433F00A17C7B /* String+Match.swift */ = {isa = PBXFileReference; fileEncoding = 4; lastKnownFileType = sourcecode.swift; path = "String+Match.swift"; sourceTree = "<group>"; };
		75336ABA24E5433F00A17C7B /* UIColor+Helper.swift */ = {isa = PBXFileReference; fileEncoding = 4; lastKnownFileType = sourcecode.swift; path = "UIColor+Helper.swift"; sourceTree = "<group>"; };
		75336ABF24E5448B00A17C7B /* ViewController.swift */ = {isa = PBXFileReference; fileEncoding = 4; lastKnownFileType = sourcecode.swift; path = ViewController.swift; sourceTree = "<group>"; };
		75336AC524E546D500A17C7B /* summary.png */ = {isa = PBXFileReference; lastKnownFileType = image.png; path = summary.png; sourceTree = "<group>"; };
		75336AC924E5480600A17C7B /* Macros.h */ = {isa = PBXFileReference; lastKnownFileType = sourcecode.c.h; path = Macros.h; sourceTree = "<group>"; };
		75336ACC24E54A8200A17C7B /* NSString+Match.h */ = {isa = PBXFileReference; lastKnownFileType = sourcecode.c.h; path = "NSString+Match.h"; sourceTree = "<group>"; };
		75336ACD24E54A8200A17C7B /* NSString+Match.m */ = {isa = PBXFileReference; lastKnownFileType = sourcecode.c.objc; path = "NSString+Match.m"; sourceTree = "<group>"; };
		75336ACF24E560E700A17C7B /* MYLeftRightTextFieldView.h */ = {isa = PBXFileReference; lastKnownFileType = sourcecode.c.h; path = MYLeftRightTextFieldView.h; sourceTree = "<group>"; };
		75336AD024E560E700A17C7B /* MYLeftRightTextFieldView.m */ = {isa = PBXFileReference; lastKnownFileType = sourcecode.c.objc; path = MYLeftRightTextFieldView.m; sourceTree = "<group>"; };
		80593528FD8615B21D0EE201 /* Pods-Demo_Swift.release.xcconfig */ = {isa = PBXFileReference; includeInIndex = 1; lastKnownFileType = text.xcconfig; name = "Pods-Demo_Swift.release.xcconfig"; path = "Target Support Files/Pods-Demo_Swift/Pods-Demo_Swift.release.xcconfig"; sourceTree = "<group>"; };
		8554F387F001811F66397B2E /* Pods-Demo.release.xcconfig */ = {isa = PBXFileReference; includeInIndex = 1; lastKnownFileType = text.xcconfig; name = "Pods-Demo.release.xcconfig"; path = "Target Support Files/Pods-Demo/Pods-Demo.release.xcconfig"; sourceTree = "<group>"; };
		9A8AFACCD7EC9B2EA1C8AF57 /* Pods_Demo_OC.framework */ = {isa = PBXFileReference; explicitFileType = wrapper.framework; includeInIndex = 0; path = Pods_Demo_OC.framework; sourceTree = BUILT_PRODUCTS_DIR; };
		D2F74DA2606FD8A18FBAF35E /* Pods-Demo_OC.release.xcconfig */ = {isa = PBXFileReference; includeInIndex = 1; lastKnownFileType = text.xcconfig; name = "Pods-Demo_OC.release.xcconfig"; path = "Target Support Files/Pods-Demo_OC/Pods-Demo_OC.release.xcconfig"; sourceTree = "<group>"; };
		F3DA408A691EDB727859414A /* Pods-Demo_OC.debug.xcconfig */ = {isa = PBXFileReference; includeInIndex = 1; lastKnownFileType = text.xcconfig; name = "Pods-Demo_OC.debug.xcconfig"; path = "Target Support Files/Pods-Demo_OC/Pods-Demo_OC.debug.xcconfig"; sourceTree = "<group>"; };
/* End PBXFileReference section */

/* Begin PBXFrameworksBuildPhase section */
		75336A6324E53FF800A17C7B /* Frameworks */ = {
			isa = PBXFrameworksBuildPhase;
			buildActionMask = 2147483647;
			files = (
				626BF906E4F6C0D9F2981444 /* Pods_Demo_Swift.framework in Frameworks */,
			);
			runOnlyForDeploymentPostprocessing = 0;
		};
		75336A9724E541FA00A17C7B /* Frameworks */ = {
			isa = PBXFrameworksBuildPhase;
			buildActionMask = 2147483647;
			files = (
				9F84E0FB7D1F5E51F2D7F13C /* Pods_Demo_OC.framework in Frameworks */,
			);
			runOnlyForDeploymentPostprocessing = 0;
		};
/* End PBXFrameworksBuildPhase section */

/* Begin PBXGroup section */
		4A79411D8A6D4418481BCD33 /* Pods */ = {
			isa = PBXGroup;
			children = (
				249D366BD16492582250FB7D /* Pods-Demo.debug.xcconfig */,
				8554F387F001811F66397B2E /* Pods-Demo.release.xcconfig */,
				6E8438D2A5CCBDDB7C3455E5 /* Pods-Demo_Swift.debug.xcconfig */,
				80593528FD8615B21D0EE201 /* Pods-Demo_Swift.release.xcconfig */,
				F3DA408A691EDB727859414A /* Pods-Demo_OC.debug.xcconfig */,
				D2F74DA2606FD8A18FBAF35E /* Pods-Demo_OC.release.xcconfig */,
			);
			path = Pods;
			sourceTree = "<group>";
		};
		74B390B3BE50E2378EF76372 /* Frameworks */ = {
			isa = PBXGroup;
			children = (
				6665C5AD183092DA183D2DDF /* Pods_Demo.framework */,
				460B5A3A1C793B90B85B7BDE /* Pods_Demo_Swift.framework */,
				9A8AFACCD7EC9B2EA1C8AF57 /* Pods_Demo_OC.framework */,
			);
			name = Frameworks;
			sourceTree = "<group>";
		};
		75336A6724E53FF800A17C7B /* Demo_Swift */ = {
			isa = PBXGroup;
			children = (
				75336AB324E5433F00A17C7B /* TextFieldView */,
				75336A6824E53FF800A17C7B /* AppDelegate.swift */,
				75336ABF24E5448B00A17C7B /* ViewController.swift */,
				75336A6E24E53FF800A17C7B /* Main.storyboard */,
				75336A7124E53FFA00A17C7B /* Assets.xcassets */,
				75336A7324E53FFA00A17C7B /* LaunchScreen.storyboard */,
				75336A7624E53FFA00A17C7B /* Info.plist */,
			);
			path = Demo_Swift;
			sourceTree = "<group>";
		};
		75336A9B24E541FA00A17C7B /* Demo_OC */ = {
			isa = PBXGroup;
			children = (
				75336AC324E546D500A17C7B /* TextFieldView */,
				75336A9C24E541FB00A17C7B /* AppDelegate.h */,
				75336A9D24E541FB00A17C7B /* AppDelegate.m */,
				75336AA224E541FB00A17C7B /* ViewController.h */,
				75336AA324E541FB00A17C7B /* ViewController.m */,
				75336AA524E541FB00A17C7B /* Main.storyboard */,
				75336AA824E541FC00A17C7B /* Assets.xcassets */,
				75336AAA24E541FC00A17C7B /* LaunchScreen.storyboard */,
				75336AAD24E541FC00A17C7B /* Info.plist */,
				75336AAE24E541FC00A17C7B /* main.m */,
			);
			path = Demo_OC;
			sourceTree = "<group>";
		};
		75336AB324E5433F00A17C7B /* TextFieldView */ = {
			isa = PBXGroup;
			children = (
				75336AB424E5433F00A17C7B /* Images */,
				75336AB824E5433F00A17C7B /* Tool */,
				75336AB624E5433F00A17C7B /* TextFieldView */,
			);
			path = TextFieldView;
			sourceTree = "<group>";
		};
		75336AB424E5433F00A17C7B /* Images */ = {
			isa = PBXGroup;
			children = (
				75336AB524E5433F00A17C7B /* summary.png */,
			);
			path = Images;
			sourceTree = "<group>";
		};
		75336AB624E5433F00A17C7B /* TextFieldView */ = {
			isa = PBXGroup;
			children = (
				75336AB724E5433F00A17C7B /* LeftRightTextFieldView.swift */,
			);
			path = TextFieldView;
			sourceTree = "<group>";
		};
		75336AB824E5433F00A17C7B /* Tool */ = {
			isa = PBXGroup;
			children = (
				75336AB924E5433F00A17C7B /* String+Match.swift */,
				75336ABA24E5433F00A17C7B /* UIColor+Helper.swift */,
			);
			path = Tool;
			sourceTree = "<group>";
		};
		75336AC324E546D500A17C7B /* TextFieldView */ = {
			isa = PBXGroup;
			children = (
				75336AC424E546D500A17C7B /* Images */,
				75336AC724E546D500A17C7B /* Tool */,
				75336AC624E546D500A17C7B /* TextFieldView */,
			);
			path = TextFieldView;
			sourceTree = "<group>";
		};
		75336AC424E546D500A17C7B /* Images */ = {
			isa = PBXGroup;
			children = (
				75336AC524E546D500A17C7B /* summary.png */,
			);
			path = Images;
			sourceTree = "<group>";
		};
		75336AC624E546D500A17C7B /* TextFieldView */ = {
			isa = PBXGroup;
			children = (
				75336ACF24E560E700A17C7B /* MYLeftRightTextFieldView.h */,
				75336AD024E560E700A17C7B /* MYLeftRightTextFieldView.m */,
			);
			path = TextFieldView;
			sourceTree = "<group>";
		};
		75336AC724E546D500A17C7B /* Tool */ = {
			isa = PBXGroup;
			children = (
				75336AC924E5480600A17C7B /* Macros.h */,
				75336ACC24E54A8200A17C7B /* NSString+Match.h */,
				75336ACD24E54A8200A17C7B /* NSString+Match.m */,
				752CD33C24E6B51600A97ED5 /* NSString+TextSize.h */,
				752CD33D24E6B51600A97ED5 /* NSString+TextSize.m */,
			);
			path = Tool;
			sourceTree = "<group>";
		};
		75CE0BB322DEC8F200346BC0 = {
			isa = PBXGroup;
			children = (
				752CD33F24E7BC8300A97ED5 /* README.md */,
				75336A6724E53FF800A17C7B /* Demo_Swift */,
				75336A9B24E541FA00A17C7B /* Demo_OC */,
				75CE0BBD22DEC8F200346BC0 /* Products */,
				4A79411D8A6D4418481BCD33 /* Pods */,
				74B390B3BE50E2378EF76372 /* Frameworks */,
			);
			sourceTree = "<group>";
		};
		75CE0BBD22DEC8F200346BC0 /* Products */ = {
			isa = PBXGroup;
			children = (
				75336A6624E53FF800A17C7B /* Demo_Swift.app */,
				75336A9A24E541FA00A17C7B /* Demo_OC.app */,
			);
			name = Products;
			sourceTree = "<group>";
		};
/* End PBXGroup section */

/* Begin PBXNativeTarget section */
		75336A6524E53FF800A17C7B /* Demo_Swift */ = {
			isa = PBXNativeTarget;
			buildConfigurationList = 75336A8D24E53FFA00A17C7B /* Build configuration list for PBXNativeTarget "Demo_Swift" */;
			buildPhases = (
				1BA94079EB11C846C58A8499 /* [CP] Check Pods Manifest.lock */,
				75336A6224E53FF800A17C7B /* Sources */,
				75336A6324E53FF800A17C7B /* Frameworks */,
				75336A6424E53FF800A17C7B /* Resources */,
				AD4936709D4E0D493B2DABFD /* [CP] Embed Pods Frameworks */,
			);
			buildRules = (
			);
			dependencies = (
			);
			name = Demo_Swift;
			productName = Demo_Swift;
			productReference = 75336A6624E53FF800A17C7B /* Demo_Swift.app */;
			productType = "com.apple.product-type.application";
		};
		75336A9924E541FA00A17C7B /* Demo_OC */ = {
			isa = PBXNativeTarget;
			buildConfigurationList = 75336AB024E541FD00A17C7B /* Build configuration list for PBXNativeTarget "Demo_OC" */;
			buildPhases = (
				ED783CA4D1E21B1A18405915 /* [CP] Check Pods Manifest.lock */,
				75336A9624E541FA00A17C7B /* Sources */,
				75336A9724E541FA00A17C7B /* Frameworks */,
				75336A9824E541FA00A17C7B /* Resources */,
				740277C3F6A1E45D48D3CA28 /* [CP] Embed Pods Frameworks */,
			);
			buildRules = (
			);
			dependencies = (
			);
			name = Demo_OC;
			productName = Demo_OC;
			productReference = 75336A9A24E541FA00A17C7B /* Demo_OC.app */;
			productType = "com.apple.product-type.application";
		};
/* End PBXNativeTarget section */

/* Begin PBXProject section */
		75CE0BB422DEC8F200346BC0 /* Project object */ = {
			isa = PBXProject;
			attributes = {
				LastSwiftUpdateCheck = 1140;
				LastUpgradeCheck = 1010;
				ORGANIZATIONNAME = MayerF;
				TargetAttributes = {
					75336A6524E53FF800A17C7B = {
						CreatedOnToolsVersion = 11.4;
					};
					75336A9924E541FA00A17C7B = {
						CreatedOnToolsVersion = 11.4;
					};
				};
			};
			buildConfigurationList = 75CE0BB722DEC8F200346BC0 /* Build configuration list for PBXProject "Demo" */;
			compatibilityVersion = "Xcode 9.3";
			developmentRegion = en;
			hasScannedForEncodings = 0;
			knownRegions = (
				en,
				Base,
			);
			mainGroup = 75CE0BB322DEC8F200346BC0;
			productRefGroup = 75CE0BBD22DEC8F200346BC0 /* Products */;
			projectDirPath = "";
			projectRoot = "";
			targets = (
				75336A9924E541FA00A17C7B /* Demo_OC */,
				75336A6524E53FF800A17C7B /* Demo_Swift */,
			);
		};
/* End PBXProject section */

/* Begin PBXResourcesBuildPhase section */
		75336A6424E53FF800A17C7B /* Resources */ = {
			isa = PBXResourcesBuildPhase;
			buildActionMask = 2147483647;
			files = (
				75336ABB24E5433F00A17C7B /* summary.png in Resources */,
				75336A7524E53FFA00A17C7B /* LaunchScreen.storyboard in Resources */,
				75336A7224E53FFA00A17C7B /* Assets.xcassets in Resources */,
				75336A7024E53FF800A17C7B /* Main.storyboard in Resources */,
			);
			runOnlyForDeploymentPostprocessing = 0;
		};
		75336A9824E541FA00A17C7B /* Resources */ = {
			isa = PBXResourcesBuildPhase;
			buildActionMask = 2147483647;
			files = (
				75336AC824E546D500A17C7B /* summary.png in Resources */,
				75336AAC24E541FC00A17C7B /* LaunchScreen.storyboard in Resources */,
				752CD34024E7BC8400A97ED5 /* README.md in Resources */,
				75336AA924E541FC00A17C7B /* Assets.xcassets in Resources */,
				75336AA724E541FB00A17C7B /* Main.storyboard in Resources */,
			);
			runOnlyForDeploymentPostprocessing = 0;
		};
/* End PBXResourcesBuildPhase section */

/* Begin PBXShellScriptBuildPhase section */
		1BA94079EB11C846C58A8499 /* [CP] Check Pods Manifest.lock */ = {
			isa = PBXShellScriptBuildPhase;
			buildActionMask = 2147483647;
			files = (
			);
			inputFileListPaths = (
			);
			inputPaths = (
				"${PODS_PODFILE_DIR_PATH}/Podfile.lock",
				"${PODS_ROOT}/Manifest.lock",
			);
			name = "[CP] Check Pods Manifest.lock";
			outputFileListPaths = (
			);
			outputPaths = (
				"$(DERIVED_FILE_DIR)/Pods-Demo_Swift-checkManifestLockResult.txt",
			);
			runOnlyForDeploymentPostprocessing = 0;
			shellPath = /bin/sh;
			shellScript = "diff \"${PODS_PODFILE_DIR_PATH}/Podfile.lock\" \"${PODS_ROOT}/Manifest.lock\" > /dev/null\nif [ $? != 0 ] ; then\n    # print error to STDERR\n    echo \"error: The sandbox is not in sync with the Podfile.lock. Run 'pod install' or update your CocoaPods installation.\" >&2\n    exit 1\nfi\n# This output is used by Xcode 'outputs' to avoid re-running this script phase.\necho \"SUCCESS\" > \"${SCRIPT_OUTPUT_FILE_0}\"\n";
			showEnvVarsInLog = 0;
		};
		740277C3F6A1E45D48D3CA28 /* [CP] Embed Pods Frameworks */ = {
			isa = PBXShellScriptBuildPhase;
			buildActionMask = 2147483647;
			files = (
			);
			inputFileListPaths = (
				"${PODS_ROOT}/Target Support Files/Pods-Demo_OC/Pods-Demo_OC-frameworks-${CONFIGURATION}-input-files.xcfilelist",
			);
			name = "[CP] Embed Pods Frameworks";
			outputFileListPaths = (
				"${PODS_ROOT}/Target Support Files/Pods-Demo_OC/Pods-Demo_OC-frameworks-${CONFIGURATION}-output-files.xcfilelist",
			);
			runOnlyForDeploymentPostprocessing = 0;
			shellPath = /bin/sh;
			shellScript = "\"${PODS_ROOT}/Target Support Files/Pods-Demo_OC/Pods-Demo_OC-frameworks.sh\"\n";
			showEnvVarsInLog = 0;
		};
		AD4936709D4E0D493B2DABFD /* [CP] Embed Pods Frameworks */ = {
			isa = PBXShellScriptBuildPhase;
			buildActionMask = 2147483647;
			files = (
			);
			inputFileListPaths = (
				"${PODS_ROOT}/Target Support Files/Pods-Demo_Swift/Pods-Demo_Swift-frameworks-${CONFIGURATION}-input-files.xcfilelist",
			);
			name = "[CP] Embed Pods Frameworks";
			outputFileListPaths = (
				"${PODS_ROOT}/Target Support Files/Pods-Demo_Swift/Pods-Demo_Swift-frameworks-${CONFIGURATION}-output-files.xcfilelist",
			);
			runOnlyForDeploymentPostprocessing = 0;
			shellPath = /bin/sh;
			shellScript = "\"${PODS_ROOT}/Target Support Files/Pods-Demo_Swift/Pods-Demo_Swift-frameworks.sh\"\n";
			showEnvVarsInLog = 0;
		};
		ED783CA4D1E21B1A18405915 /* [CP] Check Pods Manifest.lock */ = {
			isa = PBXShellScriptBuildPhase;
			buildActionMask = 2147483647;
			files = (
			);
			inputFileListPaths = (
			);
			inputPaths = (
				"${PODS_PODFILE_DIR_PATH}/Podfile.lock",
				"${PODS_ROOT}/Manifest.lock",
			);
			name = "[CP] Check Pods Manifest.lock";
			outputFileListPaths = (
			);
			outputPaths = (
				"$(DERIVED_FILE_DIR)/Pods-Demo_OC-checkManifestLockResult.txt",
			);
			runOnlyForDeploymentPostprocessing = 0;
			shellPath = /bin/sh;
			shellScript = "diff \"${PODS_PODFILE_DIR_PATH}/Podfile.lock\" \"${PODS_ROOT}/Manifest.lock\" > /dev/null\nif [ $? != 0 ] ; then\n    # print error to STDERR\n    echo \"error: The sandbox is not in sync with the Podfile.lock. Run 'pod install' or update your CocoaPods installation.\" >&2\n    exit 1\nfi\n# This output is used by Xcode 'outputs' to avoid re-running this script phase.\necho \"SUCCESS\" > \"${SCRIPT_OUTPUT_FILE_0}\"\n";
			showEnvVarsInLog = 0;
		};
/* End PBXShellScriptBuildPhase section */

/* Begin PBXSourcesBuildPhase section */
		75336A6224E53FF800A17C7B /* Sources */ = {
			isa = PBXSourcesBuildPhase;
			buildActionMask = 2147483647;
			files = (
				75336AC024E5448B00A17C7B /* ViewController.swift in Sources */,
				75336ABD24E5433F00A17C7B /* String+Match.swift in Sources */,
				75336ABC24E5433F00A17C7B /* LeftRightTextFieldView.swift in Sources */,
				75336ABE24E5433F00A17C7B /* UIColor+Helper.swift in Sources */,
				75336A6924E53FF800A17C7B /* AppDelegate.swift in Sources */,
			);
			runOnlyForDeploymentPostprocessing = 0;
		};
		75336A9624E541FA00A17C7B /* Sources */ = {
			isa = PBXSourcesBuildPhase;
			buildActionMask = 2147483647;
			files = (
				75336AA424E541FB00A17C7B /* ViewController.m in Sources */,
				75336A9E24E541FB00A17C7B /* AppDelegate.m in Sources */,
				752CD33E24E6B51600A97ED5 /* NSString+TextSize.m in Sources */,
				75336AAF24E541FD00A17C7B /* main.m in Sources */,
				75336ACE24E54A8200A17C7B /* NSString+Match.m in Sources */,
				75336AD124E560E700A17C7B /* MYLeftRightTextFieldView.m in Sources */,
			);
			runOnlyForDeploymentPostprocessing = 0;
		};
/* End PBXSourcesBuildPhase section */

/* Begin PBXVariantGroup section */
		75336A6E24E53FF800A17C7B /* Main.storyboard */ = {
			isa = PBXVariantGroup;
			children = (
				75336A6F24E53FF800A17C7B /* Base */,
			);
			name = Main.storyboard;
			sourceTree = "<group>";
		};
		75336A7324E53FFA00A17C7B /* LaunchScreen.storyboard */ = {
			isa = PBXVariantGroup;
			children = (
				75336A7424E53FFA00A17C7B /* Base */,
			);
			name = LaunchScreen.storyboard;
			sourceTree = "<group>";
		};
		75336AA524E541FB00A17C7B /* Main.storyboard */ = {
			isa = PBXVariantGroup;
			children = (
				75336AA624E541FB00A17C7B /* Base */,
			);
			name = Main.storyboard;
			sourceTree = "<group>";
		};
		75336AAA24E541FC00A17C7B /* LaunchScreen.storyboard */ = {
			isa = PBXVariantGroup;
			children = (
				75336AAB24E541FC00A17C7B /* Base */,
			);
			name = LaunchScreen.storyboard;
			sourceTree = "<group>";
		};
/* End PBXVariantGroup section */

/* Begin XCBuildConfiguration section */
		75336A8E24E53FFA00A17C7B /* Debug */ = {
			isa = XCBuildConfiguration;
			baseConfigurationReference = 6E8438D2A5CCBDDB7C3455E5 /* Pods-Demo_Swift.debug.xcconfig */;
			buildSettings = {
				ASSETCATALOG_COMPILER_APPICON_NAME = AppIcon;
				CODE_SIGN_STYLE = Automatic;
				DEVELOPMENT_TEAM = ZNMUAN4T83;
				INFOPLIST_FILE = Demo_Swift/Info.plist;
				IPHONEOS_DEPLOYMENT_TARGET = 10.0;
				LD_RUNPATH_SEARCH_PATHS = (
					"$(inherited)",
					"@executable_path/Frameworks",
				);
				PRODUCT_BUNDLE_IDENTIFIER = "com.fex.tb.Demo-Swift";
				PRODUCT_NAME = "$(TARGET_NAME)";
				SWIFT_VERSION = 5.0;
				TARGETED_DEVICE_FAMILY = "1,2";
			};
			name = Debug;
		};
		75336A8F24E53FFA00A17C7B /* Release */ = {
			isa = XCBuildConfiguration;
			baseConfigurationReference = 80593528FD8615B21D0EE201 /* Pods-Demo_Swift.release.xcconfig */;
			buildSettings = {
				ASSETCATALOG_COMPILER_APPICON_NAME = AppIcon;
				CODE_SIGN_STYLE = Automatic;
				DEVELOPMENT_TEAM = ZNMUAN4T83;
				INFOPLIST_FILE = Demo_Swift/Info.plist;
				IPHONEOS_DEPLOYMENT_TARGET = 10.0;
				LD_RUNPATH_SEARCH_PATHS = (
					"$(inherited)",
					"@executable_path/Frameworks",
				);
				PRODUCT_BUNDLE_IDENTIFIER = "com.fex.tb.Demo-Swift";
				PRODUCT_NAME = "$(TARGET_NAME)";
				SWIFT_VERSION = 5.0;
				TARGETED_DEVICE_FAMILY = "1,2";
			};
			name = Release;
		};
		75336AB124E541FD00A17C7B /* Debug */ = {
			isa = XCBuildConfiguration;
			baseConfigurationReference = F3DA408A691EDB727859414A /* Pods-Demo_OC.debug.xcconfig */;
			buildSettings = {
				ASSETCATALOG_COMPILER_APPICON_NAME = AppIcon;
				CODE_SIGN_STYLE = Automatic;
				DEVELOPMENT_TEAM = ZNMUAN4T83;
				INFOPLIST_FILE = Demo_OC/Info.plist;
				IPHONEOS_DEPLOYMENT_TARGET = 10.0;
				LD_RUNPATH_SEARCH_PATHS = (
					"$(inherited)",
					"@executable_path/Frameworks",
				);
				PRODUCT_BUNDLE_IDENTIFIER = "com.fex.tb.Demo-OC";
				PRODUCT_NAME = "$(TARGET_NAME)";
				TARGETED_DEVICE_FAMILY = "1,2";
			};
			name = Debug;
		};
		75336AB224E541FD00A17C7B /* Release */ = {
			isa = XCBuildConfiguration;
			baseConfigurationReference = D2F74DA2606FD8A18FBAF35E /* Pods-Demo_OC.release.xcconfig */;
			buildSettings = {
				ASSETCATALOG_COMPILER_APPICON_NAME = AppIcon;
				CODE_SIGN_STYLE = Automatic;
				DEVELOPMENT_TEAM = ZNMUAN4T83;
				INFOPLIST_FILE = Demo_OC/Info.plist;
				IPHONEOS_DEPLOYMENT_TARGET = 10.0;
				LD_RUNPATH_SEARCH_PATHS = (
					"$(inherited)",
					"@executable_path/Frameworks",
				);
				PRODUCT_BUNDLE_IDENTIFIER = "com.fex.tb.Demo-OC";
				PRODUCT_NAME = "$(TARGET_NAME)";
				TARGETED_DEVICE_FAMILY = "1,2";
			};
			name = Release;
		};
		75CE0BE222DEC8F300346BC0 /* Debug */ = {
			isa = XCBuildConfiguration;
			buildSettings = {
				ALWAYS_SEARCH_USER_PATHS = NO;
				CLANG_ANALYZER_NONNULL = YES;
				CLANG_ANALYZER_NUMBER_OBJECT_CONVERSION = YES_AGGRESSIVE;
				CLANG_CXX_LANGUAGE_STANDARD = "gnu++14";
				CLANG_CXX_LIBRARY = "libc++";
				CLANG_ENABLE_MODULES = YES;
				CLANG_ENABLE_OBJC_ARC = YES;
				CLANG_ENABLE_OBJC_WEAK = YES;
				CLANG_WARN_BLOCK_CAPTURE_AUTORELEASING = YES;
				CLANG_WARN_BOOL_CONVERSION = YES;
				CLANG_WARN_COMMA = YES;
				CLANG_WARN_CONSTANT_CONVERSION = YES;
				CLANG_WARN_DEPRECATED_OBJC_IMPLEMENTATIONS = YES;
				CLANG_WARN_DIRECT_OBJC_ISA_USAGE = YES_ERROR;
				CLANG_WARN_DOCUMENTATION_COMMENTS = YES;
				CLANG_WARN_EMPTY_BODY = YES;
				CLANG_WARN_ENUM_CONVERSION = YES;
				CLANG_WARN_INFINITE_RECURSION = YES;
				CLANG_WARN_INT_CONVERSION = YES;
				CLANG_WARN_NON_LITERAL_NULL_CONVERSION = YES;
				CLANG_WARN_OBJC_IMPLICIT_RETAIN_SELF = YES;
				CLANG_WARN_OBJC_LITERAL_CONVERSION = YES;
				CLANG_WARN_OBJC_ROOT_CLASS = YES_ERROR;
				CLANG_WARN_RANGE_LOOP_ANALYSIS = YES;
				CLANG_WARN_STRICT_PROTOTYPES = YES;
				CLANG_WARN_SUSPICIOUS_MOVE = YES;
				CLANG_WARN_UNGUARDED_AVAILABILITY = YES_AGGRESSIVE;
				CLANG_WARN_UNREACHABLE_CODE = YES;
				CLANG_WARN__DUPLICATE_METHOD_MATCH = YES;
				CODE_SIGN_IDENTITY = "iPhone Developer";
				COPY_PHASE_STRIP = NO;
				DEBUG_INFORMATION_FORMAT = dwarf;
				ENABLE_STRICT_OBJC_MSGSEND = YES;
				ENABLE_TESTABILITY = YES;
				GCC_C_LANGUAGE_STANDARD = gnu11;
				GCC_DYNAMIC_NO_PIC = NO;
				GCC_NO_COMMON_BLOCKS = YES;
				GCC_OPTIMIZATION_LEVEL = 0;
				GCC_PREPROCESSOR_DEFINITIONS = (
					"DEBUG=1",
					"$(inherited)",
				);
				GCC_WARN_64_TO_32_BIT_CONVERSION = YES;
				GCC_WARN_ABOUT_RETURN_TYPE = YES_ERROR;
				GCC_WARN_UNDECLARED_SELECTOR = YES;
				GCC_WARN_UNINITIALIZED_AUTOS = YES_AGGRESSIVE;
				GCC_WARN_UNUSED_FUNCTION = YES;
				GCC_WARN_UNUSED_VARIABLE = YES;
				IPHONEOS_DEPLOYMENT_TARGET = 12.1;
				MTL_ENABLE_DEBUG_INFO = INCLUDE_SOURCE;
				MTL_FAST_MATH = YES;
				ONLY_ACTIVE_ARCH = YES;
				SDKROOT = iphoneos;
				SWIFT_ACTIVE_COMPILATION_CONDITIONS = DEBUG;
				SWIFT_OPTIMIZATION_LEVEL = "-Onone";
			};
			name = Debug;
		};
		75CE0BE322DEC8F300346BC0 /* Release */ = {
			isa = XCBuildConfiguration;
			buildSettings = {
				ALWAYS_SEARCH_USER_PATHS = NO;
				CLANG_ANALYZER_NONNULL = YES;
				CLANG_ANALYZER_NUMBER_OBJECT_CONVERSION = YES_AGGRESSIVE;
				CLANG_CXX_LANGUAGE_STANDARD = "gnu++14";
				CLANG_CXX_LIBRARY = "libc++";
				CLANG_ENABLE_MODULES = YES;
				CLANG_ENABLE_OBJC_ARC = YES;
				CLANG_ENABLE_OBJC_WEAK = YES;
				CLANG_WARN_BLOCK_CAPTURE_AUTORELEASING = YES;
				CLANG_WARN_BOOL_CONVERSION = YES;
				CLANG_WARN_COMMA = YES;
				CLANG_WARN_CONSTANT_CONVERSION = YES;
				CLANG_WARN_DEPRECATED_OBJC_IMPLEMENTATIONS = YES;
				CLANG_WARN_DIRECT_OBJC_ISA_USAGE = YES_ERROR;
				CLANG_WARN_DOCUMENTATION_COMMENTS = YES;
				CLANG_WARN_EMPTY_BODY = YES;
				CLANG_WARN_ENUM_CONVERSION = YES;
				CLANG_WARN_INFINITE_RECURSION = YES;
				CLANG_WARN_INT_CONVERSION = YES;
				CLANG_WARN_NON_LITERAL_NULL_CONVERSION = YES;
				CLANG_WARN_OBJC_IMPLICIT_RETAIN_SELF = YES;
				CLANG_WARN_OBJC_LITERAL_CONVERSION = YES;
				CLANG_WARN_OBJC_ROOT_CLASS = YES_ERROR;
				CLANG_WARN_RANGE_LOOP_ANALYSIS = YES;
				CLANG_WARN_STRICT_PROTOTYPES = YES;
				CLANG_WARN_SUSPICIOUS_MOVE = YES;
				CLANG_WARN_UNGUARDED_AVAILABILITY = YES_AGGRESSIVE;
				CLANG_WARN_UNREACHABLE_CODE = YES;
				CLANG_WARN__DUPLICATE_METHOD_MATCH = YES;
				CODE_SIGN_IDENTITY = "iPhone Developer";
				COPY_PHASE_STRIP = NO;
				DEBUG_INFORMATION_FORMAT = "dwarf-with-dsym";
				ENABLE_NS_ASSERTIONS = NO;
				ENABLE_STRICT_OBJC_MSGSEND = YES;
				GCC_C_LANGUAGE_STANDARD = gnu11;
				GCC_NO_COMMON_BLOCKS = YES;
				GCC_WARN_64_TO_32_BIT_CONVERSION = YES;
				GCC_WARN_ABOUT_RETURN_TYPE = YES_ERROR;
				GCC_WARN_UNDECLARED_SELECTOR = YES;
				GCC_WARN_UNINITIALIZED_AUTOS = YES_AGGRESSIVE;
				GCC_WARN_UNUSED_FUNCTION = YES;
				GCC_WARN_UNUSED_VARIABLE = YES;
				IPHONEOS_DEPLOYMENT_TARGET = 12.1;
				MTL_ENABLE_DEBUG_INFO = NO;
				MTL_FAST_MATH = YES;
				SDKROOT = iphoneos;
				SWIFT_COMPILATION_MODE = wholemodule;
				SWIFT_OPTIMIZATION_LEVEL = "-O";
				VALIDATE_PRODUCT = YES;
			};
			name = Release;
		};
/* End XCBuildConfiguration section */

/* Begin XCConfigurationList section */
		75336A8D24E53FFA00A17C7B /* Build configuration list for PBXNativeTarget "Demo_Swift" */ = {
			isa = XCConfigurationList;
			buildConfigurations = (
				75336A8E24E53FFA00A17C7B /* Debug */,
				75336A8F24E53FFA00A17C7B /* Release */,
			);
			defaultConfigurationIsVisible = 0;
			defaultConfigurationName = Release;
		};
		75336AB024E541FD00A17C7B /* Build configuration list for PBXNativeTarget "Demo_OC" */ = {
			isa = XCConfigurationList;
			buildConfigurations = (
				75336AB124E541FD00A17C7B /* Debug */,
				75336AB224E541FD00A17C7B /* Release */,
			);
			defaultConfigurationIsVisible = 0;
			defaultConfigurationName = Release;
		};
		75CE0BB722DEC8F200346BC0 /* Build configuration list for PBXProject "Demo" */ = {
			isa = XCConfigurationList;
			buildConfigurations = (
				75CE0BE222DEC8F300346BC0 /* Debug */,
				75CE0BE322DEC8F300346BC0 /* Release */,
			);
			defaultConfigurationIsVisible = 0;
			defaultConfigurationName = Release;
		};
/* End XCConfigurationList section */
	};
	rootObject = 75CE0BB422DEC8F200346BC0 /* Project object */;
}
