PODS:
  - SnapKit (4.0.1)

DEPENDENCIES:
  - SnapKit (~> 4.0.0)

SPEC REPOS:
  https://mirrors.tuna.tsinghua.edu.cn/git/CocoaPods/Specs.git:
    - SnapKit

SPEC CHECKSUMS:
  SnapKit: 0de968a9fec17499afa29683b05d0c775b6d1c29

PODFILE CHECKSUM: ccb4ba249d483da038a0625f395cba76853271fc

COCOAPODS: 1.9.3
